
Microsoft Visual Studio Solution File, Format Version 12.00
# Visual Studio Version 17
VisualStudioVersion = 17.6.33829.357
MinimumVisualStudioVersion = 10.0.40219.1
Project("{FAE04EC0-301F-11D3-BF4B-00C04F79EFBC}") = "AULA YOUTUVE 5H", "AULA YOUTUVE 5H\AULA YOUTUVE 5H.csproj", "{C84734F2-6AF4-49C2-A634-F0CE78CB832A}"
EndProject
Global
	GlobalSection(SolutionConfigurationPlatforms) = preSolution
		Debug|Any CPU = Debug|Any CPU
		Release|Any CPU = Release|Any CPU
	EndGlobalSection
	GlobalSection(ProjectConfigurationPlatforms) = postSolution
		{C84734F2-6AF4-49C2-A634-F0CE78CB832A}.Debug|Any CPU.ActiveCfg = Debug|Any CPU
		{C84734F2-6AF4-49C2-A634-F0CE78CB832A}.Debug|Any CPU.Build.0 = Debug|Any CPU
		{C84734F2-6AF4-49C2-A634-F0CE78CB832A}.Release|Any CPU.ActiveCfg = Release|Any CPU
		{C84734F2-6AF4-49C2-A634-F0CE78CB832A}.Release|Any CPU.Build.0 = Release|Any CPU
	EndGlobalSection
	GlobalSection(SolutionProperties) = preSolution
		HideSolutionNode = FALSE
	EndGlobalSection
	GlobalSection(ExtensibilityGlobals) = postSolution
		SolutionGuid = {4129484A-FAF7-4D3F-9422-9B3E70FBF170}
	EndGlobalSection
EndGlobal
